
Microsoft Visual Studio Solution File, Format Version 12.00
# Visual Studio Version 16
VisualStudioVersion = 16.0.29411.108
MinimumVisualStudioVersion = 10.0.40219.1
Project("{8BC9CEB8-8B4A-11D0-8D11-00A0C91BC942}") = "ConsoleExample", "ConsoleExample.vcxproj", "{49A43972-3026-4293-A3F4-9C2A6E5B9BCB}"
EndProject
Global
	GlobalSection(SolutionConfigurationPlatforms) = preSolution
		Debug|Win32 = Debug|Win32
		Debug|x64 = Debug|x64
		Release|Win32 = Release|Win32
		Release|x64 = Release|x64
	EndGlobalSection
	GlobalSection(ProjectConfigurationPlatforms) = postSolution
		{49A43972-3026-4293-A3F4-9C2A6E5B9BCB}.Debug|Win32.ActiveCfg = Debug|x64
		{49A43972-3026-4293-A3F4-9C2A6E5B9BCB}.Debug|Win32.Build.0 = Debug|x64
		{49A43972-3026-4293-A3F4-9C2A6E5B9BCB}.Debug|x64.ActiveCfg = Debug|x64
		{49A43972-3026-4293-A3F4-9C2A6E5B9BCB}.Debug|x64.Build.0 = Debug|x64
		{49A43972-3026-4293-A3F4-9C2A6E5B9BCB}.Release|Win32.ActiveCfg = Release|Win32
		{49A43972-3026-4293-A3F4-9C2A6E5B9BCB}.Release|Win32.Build.0 = Release|Win32
		{49A43972-3026-4293-A3F4-9C2A6E5B9BCB}.Release|x64.ActiveCfg = Release|x64
		{49A43972-3026-4293-A3F4-9C2A6E5B9BCB}.Release|x64.Build.0 = Release|x64
	EndGlobalSection
	GlobalSection(SolutionProperties) = preSolution
		HideSolutionNode = FALSE
	EndGlobalSection
	GlobalSection(ExtensibilityGlobals) = postSolution
		SolutionGuid = {89243594-C05A-4133-8A57-056E8C84E58F}
	EndGlobalSection
EndGlobal
